
Microsoft Visual Studio Solution File, Format Version 12.00
# Visual Studio Version 17
VisualStudioVersion = 17.9.34723.18
MinimumVisualStudioVersion = 10.0.40219.1
Project("{FAE04EC0-301F-11D3-BF4B-00C04F79EFBC}") = "ti5(2)", "ti5(2)\ti5(2).csproj", "{AD2893EE-710E-4379-B168-984C88A215DA}"
EndProject
Global
	GlobalSection(SolutionConfigurationPlatforms) = preSolution
		Debug|Any CPU = Debug|Any CPU
		Release|Any CPU = Release|Any CPU
	EndGlobalSection
	GlobalSection(ProjectConfigurationPlatforms) = postSolution
		{AD2893EE-710E-4379-B168-984C88A215DA}.Debug|Any CPU.ActiveCfg = Debug|Any CPU
		{AD2893EE-710E-4379-B168-984C88A215DA}.Debug|Any CPU.Build.0 = Debug|Any CPU
		{AD2893EE-710E-4379-B168-984C88A215DA}.Release|Any CPU.ActiveCfg = Release|Any CPU
		{AD2893EE-710E-4379-B168-984C88A215DA}.Release|Any CPU.Build.0 = Release|Any CPU
	EndGlobalSection
	GlobalSection(SolutionProperties) = preSolution
		HideSolutionNode = FALSE
	EndGlobalSection
	GlobalSection(ExtensibilityGlobals) = postSolution
		SolutionGuid = {BD4769DF-535B-4514-B98C-CC726F1E5A8E}
	EndGlobalSection
EndGlobal
