
Microsoft Visual Studio Solution File, Format Version 12.00
# Visual Studio Version 17
VisualStudioVersion = 17.8.34330.188
MinimumVisualStudioVersion = 10.0.40219.1
Project("{FAE04EC0-301F-11D3-BF4B-00C04F79EFBC}") = "laba1(1)", "laba1(1)\laba1(1).csproj", "{77EB6CE3-EF9E-495F-B49F-88005AADD3D3}"
EndProject
Global
	GlobalSection(SolutionConfigurationPlatforms) = preSolution
		Debug|Any CPU = Debug|Any CPU
		Release|Any CPU = Release|Any CPU
	EndGlobalSection
	GlobalSection(ProjectConfigurationPlatforms) = postSolution
		{77EB6CE3-EF9E-495F-B49F-88005AADD3D3}.Debug|Any CPU.ActiveCfg = Debug|Any CPU
		{77EB6CE3-EF9E-495F-B49F-88005AADD3D3}.Debug|Any CPU.Build.0 = Debug|Any CPU
		{77EB6CE3-EF9E-495F-B49F-88005AADD3D3}.Release|Any CPU.ActiveCfg = Release|Any CPU
		{77EB6CE3-EF9E-495F-B49F-88005AADD3D3}.Release|Any CPU.Build.0 = Release|Any CPU
	EndGlobalSection
	GlobalSection(SolutionProperties) = preSolution
		HideSolutionNode = FALSE
	EndGlobalSection
	GlobalSection(ExtensibilityGlobals) = postSolution
		SolutionGuid = {42CA20E1-AB49-4D27-91CE-832124609DB8}
	EndGlobalSection
EndGlobal
